
Microsoft Visual Studio Solution File, Format Version 12.00
# Visual Studio 14
VisualStudioVersion = 14.0.23107.0
MinimumVisualStudioVersion = 10.0.40219.1
Project("{E24C65DC-7377-472B-9ABA-BC803B73C61A}") = "BoletoNet", ".", "{D4D1DD9D-3317-45C8-9A05-13D8E3B5E49A}"
	ProjectSection(WebsiteProperties) = preProject
		TargetFrameworkMoniker = ".NETFramework,Version%3Dv3.5"
		Debug.AspNetCompiler.VirtualPath = "/localhost_51742"
		Debug.AspNetCompiler.PhysicalPath = "..\BoletoNet\"
		Debug.AspNetCompiler.TargetPath = "PrecompiledWeb\localhost_51742\"
		Debug.AspNetCompiler.Updateable = "true"
		Debug.AspNetCompiler.ForceOverwrite = "true"
		Debug.AspNetCompiler.FixedNames = "false"
		Debug.AspNetCompiler.Debug = "True"
		Release.AspNetCompiler.VirtualPath = "/localhost_51742"
		Release.AspNetCompiler.PhysicalPath = "..\BoletoNet\"
		Release.AspNetCompiler.TargetPath = "PrecompiledWeb\localhost_51742\"
		Release.AspNetCompiler.Updateable = "true"
		Release.AspNetCompiler.ForceOverwrite = "true"
		Release.AspNetCompiler.FixedNames = "false"
		Release.AspNetCompiler.Debug = "False"
		VWDPort = "51742"
		SlnRelativePath = "..\BoletoNet\"
	EndProjectSection
EndProject
Global
	GlobalSection(SolutionConfigurationPlatforms) = preSolution
		Debug|Any CPU = Debug|Any CPU
	EndGlobalSection
	GlobalSection(ProjectConfigurationPlatforms) = postSolution
		{D4D1DD9D-3317-45C8-9A05-13D8E3B5E49A}.Debug|Any CPU.ActiveCfg = Debug|Any CPU
		{D4D1DD9D-3317-45C8-9A05-13D8E3B5E49A}.Debug|Any CPU.Build.0 = Debug|Any CPU
	EndGlobalSection
	GlobalSection(SolutionProperties) = preSolution
		HideSolutionNode = FALSE
	EndGlobalSection
EndGlobal
